
Microsoft Visual Studio Solution File, Format Version 12.00
# Visual Studio Version 17
VisualStudioVersion = 17.12.35506.116
MinimumVisualStudioVersion = 10.0.40219.1
Project("{FAE04EC0-301F-11D3-BF4B-00C04F79EFBC}") = "scalar.net9.api", "scalar.net9.api\scalar.net9.api.csproj", "{C298A4F5-19BA-409F-A991-4E4BC17B05FF}"
EndProject
Project("{FAE04EC0-301F-11D3-BF4B-00C04F79EFBC}") = "scalar.net8.api", "scalar.net8.api\scalar.net8.api.csproj", "{BF22A663-C1D0-4C96-B252-EB65B34D3819}"
EndProject
Global
	GlobalSection(SolutionConfigurationPlatforms) = preSolution
		Debug|Any CPU = Debug|Any CPU
		Release|Any CPU = Release|Any CPU
	EndGlobalSection
	GlobalSection(ProjectConfigurationPlatforms) = postSolution
		{C298A4F5-19BA-409F-A991-4E4BC17B05FF}.Debug|Any CPU.ActiveCfg = Debug|Any CPU
		{C298A4F5-19BA-409F-A991-4E4BC17B05FF}.Debug|Any CPU.Build.0 = Debug|Any CPU
		{C298A4F5-19BA-409F-A991-4E4BC17B05FF}.Release|Any CPU.ActiveCfg = Release|Any CPU
		{C298A4F5-19BA-409F-A991-4E4BC17B05FF}.Release|Any CPU.Build.0 = Release|Any CPU
		{BF22A663-C1D0-4C96-B252-EB65B34D3819}.Debug|Any CPU.ActiveCfg = Debug|Any CPU
		{BF22A663-C1D0-4C96-B252-EB65B34D3819}.Debug|Any CPU.Build.0 = Debug|Any CPU
		{BF22A663-C1D0-4C96-B252-EB65B34D3819}.Release|Any CPU.ActiveCfg = Release|Any CPU
		{BF22A663-C1D0-4C96-B252-EB65B34D3819}.Release|Any CPU.Build.0 = Release|Any CPU
	EndGlobalSection
	GlobalSection(SolutionProperties) = preSolution
		HideSolutionNode = FALSE
	EndGlobalSection
EndGlobal
